
Microsoft Visual Studio Solution File, Format Version 12.00
# Visual Studio Version 16
VisualStudioVersion = 16.0.30413.136
MinimumVisualStudioVersion = 10.0.40219.1
Project("{FAE04EC0-301F-11D3-BF4B-00C04F79EFBC}") = "MyDotNetCoreProject", "MyDotNetCoreProject\MyDotNetCoreProject.csproj", "{2C3033D9-92DF-48EB-BB2F-7FE66CF0AD00}"
EndProject
Global
	GlobalSection(SolutionConfigurationPlatforms) = preSolution
		Debug|Any CPU = Debug|Any CPU
		Release|Any CPU = Release|Any CPU
	EndGlobalSection
	GlobalSection(ProjectConfigurationPlatforms) = postSolution
		{2C3033D9-92DF-48EB-BB2F-7FE66CF0AD00}.Debug|Any CPU.ActiveCfg = Debug|Any CPU
		{2C3033D9-92DF-48EB-BB2F-7FE66CF0AD00}.Debug|Any CPU.Build.0 = Debug|Any CPU
		{2C3033D9-92DF-48EB-BB2F-7FE66CF0AD00}.Release|Any CPU.ActiveCfg = Release|Any CPU
		{2C3033D9-92DF-48EB-BB2F-7FE66CF0AD00}.Release|Any CPU.Build.0 = Release|Any CPU
	EndGlobalSection
	GlobalSection(SolutionProperties) = preSolution
		HideSolutionNode = FALSE
	EndGlobalSection
	GlobalSection(ExtensibilityGlobals) = postSolution
		SolutionGuid = {5317DC86-FBCD-44DC-9859-D2D3B040A280}
	EndGlobalSection
EndGlobal
